Microsoft Visual Studio Solution File, Format Version 12.00
# Visual Studio Version 17
VisualStudioVersion = 17.5.2.0
MinimumVisualStudioVersion = 10.0.40219.1
Project("{FAE04EC0-301F-11D3-BF4B-00C04F79EFBC}") = "WebApiConCommandoControlador", "WebApiConCommandoControlador\WebApiConCommandoControlador.csproj", "{57C91A7C-A7A8-E6C5-9C6C-B9A1423427F9}"
EndProject
Global
	GlobalSection(SolutionConfigurationPlatforms) = preSolution
		Debug|Any CPU = Debug|Any CPU
		Release|Any CPU = Release|Any CPU
	EndGlobalSection
	GlobalSection(ProjectConfigurationPlatforms) = postSolution
		{57C91A7C-A7A8-E6C5-9C6C-B9A1423427F9}.Debug|Any CPU.ActiveCfg = Debug|Any CPU
		{57C91A7C-A7A8-E6C5-9C6C-B9A1423427F9}.Debug|Any CPU.Build.0 = Debug|Any CPU
		{57C91A7C-A7A8-E6C5-9C6C-B9A1423427F9}.Release|Any CPU.ActiveCfg = Release|Any CPU
		{57C91A7C-A7A8-E6C5-9C6C-B9A1423427F9}.Release|Any CPU.Build.0 = Release|Any CPU
	EndGlobalSection
	GlobalSection(SolutionProperties) = preSolution
		HideSolutionNode = FALSE
	EndGlobalSection
	GlobalSection(ExtensibilityGlobals) = postSolution
		SolutionGuid = {460C2239-270F-43C8-84A5-F3D0DF8DBE48}
	EndGlobalSection
EndGlobal
